
Microsoft Visual Studio Solution File, Format Version 12.00
# Visual Studio Version 16
VisualStudioVersion = 16.0.31005.135
MinimumVisualStudioVersion = 10.0.40219.1
Project("{FAE04EC0-301F-11D3-BF4B-00C04F79EFBC}") = "Camunda_Lesson2_Example1", "Camunda_Lesson2_Example1\Camunda_Lesson2_Example1.csproj", "{08E66264-A306-44AC-BE4F-5C986F534B66}"
EndProject
Project("{FAE04EC0-301F-11D3-BF4B-00C04F79EFBC}") = "Camunda_Lesson2_Example2", "Camunda_Lesson2_Example2\Camunda_Lesson2_Example2.csproj", "{D459A625-2A50-4112-B099-3D0742EC6505}"
EndProject
Global
	GlobalSection(SolutionConfigurationPlatforms) = preSolution
		Debug|Any CPU = Debug|Any CPU
		Release|Any CPU = Release|Any CPU
	EndGlobalSection
	GlobalSection(ProjectConfigurationPlatforms) = postSolution
		{08E66264-A306-44AC-BE4F-5C986F534B66}.Debug|Any CPU.ActiveCfg = Debug|Any CPU
		{08E66264-A306-44AC-BE4F-5C986F534B66}.Debug|Any CPU.Build.0 = Debug|Any CPU
		{08E66264-A306-44AC-BE4F-5C986F534B66}.Release|Any CPU.ActiveCfg = Release|Any CPU
		{08E66264-A306-44AC-BE4F-5C986F534B66}.Release|Any CPU.Build.0 = Release|Any CPU
		{D459A625-2A50-4112-B099-3D0742EC6505}.Debug|Any CPU.ActiveCfg = Debug|Any CPU
		{D459A625-2A50-4112-B099-3D0742EC6505}.Debug|Any CPU.Build.0 = Debug|Any CPU
		{D459A625-2A50-4112-B099-3D0742EC6505}.Release|Any CPU.ActiveCfg = Release|Any CPU
		{D459A625-2A50-4112-B099-3D0742EC6505}.Release|Any CPU.Build.0 = Release|Any CPU
	EndGlobalSection
	GlobalSection(SolutionProperties) = preSolution
		HideSolutionNode = FALSE
	EndGlobalSection
	GlobalSection(ExtensibilityGlobals) = postSolution
		SolutionGuid = {7DC2F7CF-06CD-4473-AA9B-AE24FC622D6C}
	EndGlobalSection
EndGlobal
